
Microsoft Visual Studio Solution File, Format Version 12.00
# Visual Studio Version 17
VisualStudioVersion = 17.8.34330.188
MinimumVisualStudioVersion = 10.0.40219.1
Project("{9A19103F-16F7-4668-BE54-9A1E7A4F7556}") = "PersonalFinanceApp", "PersonalFinanceApp\PersonalFinanceApp.csproj", "{A2AC8A57-AA7A-454E-BF17-D9EDC81C622F}"
EndProject
Project("{9A19103F-16F7-4668-BE54-9A1E7A4F7556}") = "PersonalFinanceAppMVC", "PersonalFinanceAppMVC\PersonalFinanceAppMVC.csproj", "{D50E97C8-0F62-43C6-8B4C-61A753D75745}"
EndProject
Global
	GlobalSection(SolutionConfigurationPlatforms) = preSolution
		Debug|Any CPU = Debug|Any CPU
		Release|Any CPU = Release|Any CPU
	EndGlobalSection
	GlobalSection(ProjectConfigurationPlatforms) = postSolution
		{A2AC8A57-AA7A-454E-BF17-D9EDC81C622F}.Debug|Any CPU.ActiveCfg = Debug|Any CPU
		{A2AC8A57-AA7A-454E-BF17-D9EDC81C622F}.Debug|Any CPU.Build.0 = Debug|Any CPU
		{A2AC8A57-AA7A-454E-BF17-D9EDC81C622F}.Release|Any CPU.ActiveCfg = Release|Any CPU
		{A2AC8A57-AA7A-454E-BF17-D9EDC81C622F}.Release|Any CPU.Build.0 = Release|Any CPU
		{D50E97C8-0F62-43C6-8B4C-61A753D75745}.Debug|Any CPU.ActiveCfg = Debug|Any CPU
		{D50E97C8-0F62-43C6-8B4C-61A753D75745}.Debug|Any CPU.Build.0 = Debug|Any CPU
		{D50E97C8-0F62-43C6-8B4C-61A753D75745}.Release|Any CPU.ActiveCfg = Release|Any CPU
		{D50E97C8-0F62-43C6-8B4C-61A753D75745}.Release|Any CPU.Build.0 = Release|Any CPU
	EndGlobalSection
	GlobalSection(SolutionProperties) = preSolution
		HideSolutionNode = FALSE
	EndGlobalSection
	GlobalSection(ExtensibilityGlobals) = postSolution
		SolutionGuid = {4F4B6673-E496-4094-B2AD-01195E393832}
	EndGlobalSection
EndGlobal
